{
    "_readme": [
        "This file locks the dependencies of your project to a known state",
        "Read more about it at https://getcomposer.org/doc/01-basic-usage.md#composer-lock-the-lock-file",
        "This file is @generated automatically"
    ],
    "hash": "ae2a87f39514cda904b68138135c9faf",
    "content-hash": "f6df01f610228e2bd126cade7982b9a9",
    "packages": [
        {
            "name": "gumer/gumer-psn-php",
            "version": "dev-master",
            "source": {
                "type": "git",
                "url": "https://github.com/ilendemli/gumer-psn-php.git",
                "reference": "7716338916cdd666583bed89a3677a10ee85c47f"
            },
            "dist": {
                "type": "zip",
                "url": "https://api.github.com/repos/ilendemli/gumer-psn-php/zipball/7716338916cdd666583bed89a3677a10ee85c47f",
                "reference": "7716338916cdd666583bed89a3677a10ee85c47f",
                "shasum": ""
            },
            "require": {
                "guzzle/guzzle": "3.8.*@dev",
                "illuminate/support": "~4.1"
            },
            "require-dev": {
                "mockery/mockery": "0.9.*@dev",
                "phpunit/phpunit": "4.3.*@dev"
            },
            "type": "library",
            "autoload": {
                "psr-0": {
                    "Gumer": "./src"
                }
            },
            "notification-url": "http://packagist.org/downloads/",
            "authors": [
                {
                    "name": "Bradley Weston",
                    "email": "b.weston@outlook.com",
                    "homepage": "http://bweston.me"
                },
                {
                    "name": "Muhammet Ilendemli",
                    "email": "ilendemli@live.at",
                    "homepage": "http://ilendemli.info"
                }
            ],
            "time": "2014-12-21 12:24:11"
        },
        {
            "name": "guzzle/guzzle",
            "version": "v3.8.1",
            "source": {
                "type": "git",
                "url": "https://github.com/guzzle/guzzle.git",
                "reference": "4de0618a01b34aa1c8c33a3f13f396dcd3882eba"
            },
            "dist": {
                "type": "zip",
                "url": "https://api.github.com/repos/guzzle/guzzle/zipball/4de0618a01b34aa1c8c33a3f13f396dcd3882eba",
                "reference": "4de0618a01b34aa1c8c33a3f13f396dcd3882eba",
                "shasum": ""
            },
            "require": {
                "ext-curl": "*",
                "php": ">=5.3.3",
                "symfony/event-dispatcher": ">=2.1"
            },
            "replace": {
                "guzzle/batch": "self.version",
                "guzzle/cache": "self.version",
                "guzzle/common": "self.version",
                "guzzle/http": "self.version",
                "guzzle/inflection": "self.version",
                "guzzle/iterator": "self.version",
                "guzzle/log": "self.version",
                "guzzle/parser": "self.version",
                "guzzle/plugin": "self.version",
                "guzzle/plugin-async": "self.version",
                "guzzle/plugin-backoff": "self.version",
                "guzzle/plugin-cache": "self.version",
                "guzzle/plugin-cookie": "self.version",
                "guzzle/plugin-curlauth": "self.version",
                "guzzle/plugin-error-response": "self.version",
                "guzzle/plugin-history": "self.version",
                "guzzle/plugin-log": "self.version",
                "guzzle/plugin-md5": "self.version",
                "guzzle/plugin-mock": "self.version",
                "guzzle/plugin-oauth": "self.version",
                "guzzle/service": "self.version",
                "guzzle/stream": "self.version"
            },
            "require-dev": {
                "doctrine/cache": "*",
                "monolog/monolog": "1.*",
                "phpunit/phpunit": "3.7.*",
                "psr/log": "1.0.*",
                "symfony/class-loader": "*",
                "zendframework/zend-cache": "<2.3",
                "zendframework/zend-log": "<2.3"
            },
            "type": "library",
            "extra": {
                "branch-alias": {
                    "dev-master": "3.8-dev"
                }
            },
            "autoload": {
                "psr-0": {
                    "Guzzle": "src/",
                    "Guzzle\\Tests": "tests/"
                }
            },
            "notification-url": "http://packagist.org/downloads/",
            "license": [
                "MIT"
            ],
            "authors": [
                {
                    "name": "Michael Dowling",
                    "email": "mtdowling@gmail.com",
                    "homepage": "https://github.com/mtdowling"
                },
                {
                    "name": "Guzzle Community",
                    "homepage": "https://github.com/guzzle/guzzle/contributors"
                }
            ],
            "description": "Guzzle is a PHP HTTP client library and framework for building RESTful web service clients",
            "homepage": "http://guzzlephp.org/",
            "keywords": [
                "client",
                "curl",
                "framework",
                "http",
                "http client",
                "rest",
                "web service"
            ],
            "time": "2014-01-28 22:29:15"
        },
        {
            "name": "guzzlehttp/guzzle",
            "version": "5.0.3",
            "source": {
                "type": "git",
                "url": "https://github.com/guzzle/guzzle.git",
                "reference": "6c72627de1d66832e4270e36e56acdb0d1d8f282"
            },
            "dist": {
                "type": "zip",
                "url": "https://api.github.com/repos/guzzle/guzzle/zipball/6c72627de1d66832e4270e36e56acdb0d1d8f282",
                "reference": "6c72627de1d66832e4270e36e56acdb0d1d8f282",
                "shasum": ""
            },
            "require": {
                "guzzlehttp/ringphp": "~1.0",
                "php": ">=5.4.0"
            },
            "require-dev": {
                "ext-curl": "*",
                "phpunit/phpunit": "~4.0",
                "psr/log": "~1.0"
            },
            "type": "library",
            "extra": {
                "branch-alias": {
                    "dev-master": "5.0-dev"
                }
            },
            "autoload": {
                "psr-4": {
                    "GuzzleHttp\\": "src/"
                }
            },
            "notification-url": "http://packagist.org/downloads/",
            "license": [
                "MIT"
            ],
            "authors": [
                {
                    "name": "Michael Dowling",
                    "email": "mtdowling@gmail.com",
                    "homepage": "https://github.com/mtdowling"
                }
            ],
            "description": "Guzzle is a PHP HTTP client library and framework for building RESTful web service clients",
            "homepage": "http://guzzlephp.org/",
            "keywords": [
                "client",
                "curl",
                "framework",
                "http",
                "http client",
                "rest",
                "web service"
            ],
            "time": "2014-11-04 07:09:15"
        },
        {
            "name": "guzzlehttp/ringphp",
            "version": "dev-master",
            "source": {
                "type": "git",
                "url": "https://github.com/guzzle/RingPHP.git",
                "reference": "9465032ac5d6beaa55f10923403e6e1c36018d9c"
            },
            "dist": {
                "type": "zip",
                "url": "https://api.github.com/repos/guzzle/RingPHP/zipball/9465032ac5d6beaa55f10923403e6e1c36018d9c",
                "reference": "9465032ac5d6beaa55f10923403e6e1c36018d9c",
                "shasum": ""
            },
            "require": {
                "guzzlehttp/streams": "~3.0",
                "php": ">=5.4.0",
                "react/promise": "~2.0"
            },
            "require-dev": {
                "ext-curl": "*",
                "phpunit/phpunit": "~4.0"
            },
            "suggest": {
                "ext-curl": "Guzzle will use specific adapters if cURL is present"
            },
            "type": "library",
            "extra": {
                "branch-alias": {
                    "dev-master": "1.1-dev"
                }
            },
            "autoload": {
                "psr-4": {
                    "GuzzleHttp\\Ring\\": "src/"
                }
            },
            "notification-url": "http://packagist.org/downloads/",
            "license": [
                "MIT"
            ],
            "authors": [
                {
                    "name": "Michael Dowling",
                    "email": "mtdowling@gmail.com",
                    "homepage": "https://github.com/mtdowling"
                }
            ],
            "description": "Provides a simple API and specification that abstracts away the details of HTTP into a single PHP function.",
            "time": "2015-05-21 17:23:02"
        },
        {
            "name": "guzzlehttp/streams",
            "version": "dev-master",
            "source": {
                "type": "git",
                "url": "https://github.com/guzzle/streams.git",
                "reference": "d1f8a6c55f0f753cfd6f6755856473eb02cedb19"
            },
            "dist": {
                "type": "zip",
                "url": "https://api.github.com/repos/guzzle/streams/zipball/d1f8a6c55f0f753cfd6f6755856473eb02cedb19",
                "reference": "d1f8a6c55f0f753cfd6f6755856473eb02cedb19",
                "shasum": ""
            },
            "require": {
                "php": ">=5.4.0"
            },
            "require-dev": {
                "phpunit/phpunit": "~4.0"
            },
            "type": "library",
            "extra": {
                "branch-alias": {
                    "dev-master": "3.0-dev"
                }
            },
            "autoload": {
                "psr-4": {
                    "GuzzleHttp\\Stream\\": "src/"
                }
            },
            "notification-url": "http://packagist.org/downloads/",
            "license": [
                "MIT"
            ],
            "authors": [
                {
                    "name": "Michael Dowling",
                    "email": "mtdowling@gmail.com",
                    "homepage": "https://github.com/mtdowling"
                }
            ],
            "description": "Provides a simple abstraction over streams of data",
            "homepage": "http://guzzlephp.org/",
            "keywords": [
                "Guzzle",
                "stream"
            ],
            "time": "2015-01-22 00:01:34"
        },
        {
            "name": "hedii/colissimo-api",
            "version": "1.0.6",
            "source": {
                "type": "git",
                "url": "https://github.com/hedii/colissimo-api.git",
                "reference": "8987366f6a4f40f7fdfd492f443feab14fdbb966"
            },
            "dist": {
                "type": "zip",
                "url": "https://api.github.com/repos/hedii/colissimo-api/zipball/8987366f6a4f40f7fdfd492f443feab14fdbb966",
                "reference": "8987366f6a4f40f7fdfd492f443feab14fdbb966",
                "shasum": ""
            },
            "require": {
                "php": ">=5.5.9"
            },
            "type": "library",
            "autoload": {
                "psr-4": {
                    "ColissimoApi\\": "ColissimoApi/"
                }
            },
            "notification-url": "http://packagist.org/downloads/",
            "license": [
                "GPL-2.0"
            ],
            "authors": [
                {
                    "name": "hedii",
                    "email": "hedi.chaibs@gmail.com"
                }
            ],
            "description": "A php API to track Colissimo (La Poste) parcels",
            "homepage": "https://github.com/hedii/colissimo-api",
            "keywords": [
                "api",
                "colissimo",
                "colissimoapi"
            ],
            "time": "2015-07-06 09:15:21"
        },
        {
            "name": "illuminate/support",
            "version": "4.2.x-dev",
            "target-dir": "Illuminate/Support",
            "source": {
                "type": "git",
                "url": "https://github.com/illuminate/support.git",
                "reference": "131741133aae79b085951b9382f42b088e479ef9"
            },
            "dist": {
                "type": "zip",
                "url": "https://api.github.com/repos/illuminate/support/zipball/131741133aae79b085951b9382f42b088e479ef9",
                "reference": "131741133aae79b085951b9382f42b088e479ef9",
                "shasum": ""
            },
            "require": {
                "php": ">=5.4.0"
            },
            "require-dev": {
                "jeremeamia/superclosure": "~1.0.1",
                "patchwork/utf8": "~1.1"
            },
            "type": "library",
            "extra": {
                "branch-alias": {
                    "dev-master": "4.2-dev"
                }
            },
            "autoload": {
                "psr-0": {
                    "Illuminate\\Support": ""
                },
                "files": [
                    "Illuminate/Support/helpers.php"
                ]
            },
            "notification-url": "http://packagist.org/downloads/",
            "license": [
                "MIT"
            ],
            "authors": [
                {
                    "name": "Taylor Otwell",
                    "email": "taylorotwell@gmail.com"
                }
            ],
            "time": "2015-01-27 20:51:43"
        },
        {
            "name": "jocolopes/steamapi",
            "version": "dev-master",
            "source": {
                "type": "git",
                "url": "https://github.com/DPr00f/steam-web-api-php.git",
                "reference": "bdc42c7a9d4fa162341289af6636dec7a353eaec"
            },
            "dist": {
                "type": "zip",
                "url": "https://api.github.com/repos/DPr00f/steam-web-api-php/zipball/bdc42c7a9d4fa162341289af6636dec7a353eaec",
                "reference": "bdc42c7a9d4fa162341289af6636dec7a353eaec",
                "shasum": ""
            },
            "require": {
                "guzzlehttp/guzzle": "5.0.*@dev"
            },
            "require-dev": {
                "phpunit/phpunit": "4.6.*@dev"
            },
            "type": "library",
            "autoload": {
                "classmap": [
                    "tests",
                    "SteamApi"
                ]
            },
            "notification-url": "http://packagist.org/downloads/",
            "license": [
                "MIT"
            ],
            "authors": [
                {
                    "name": "Joao Lopes",
                    "email": "jocolopes@gmail.com"
                }
            ],
            "description": "Steam Web Api Generic Integration",
            "keywords": [
                "jocolopes",
                "library",
                "steam",
                "steamapi",
                "steamwebapi",
                "webapi"
            ],
            "time": "2015-01-25 19:10:27"
        },
        {
            "name": "react/promise",
            "version": "v2.2.1",
            "source": {
                "type": "git",
                "url": "https://github.com/reactphp/promise.git",
                "reference": "3b6fca09c7d56321057fa8867c8dbe1abf648627"
            },
            "dist": {
                "type": "zip",
                "url": "https://api.github.com/repos/reactphp/promise/zipball/3b6fca09c7d56321057fa8867c8dbe1abf648627",
                "reference": "3b6fca09c7d56321057fa8867c8dbe1abf648627",
                "shasum": ""
            },
            "require": {
                "php": ">=5.4.0"
            },
            "type": "library",
            "extra": {
                "branch-alias": {
                    "dev-master": "2.0-dev"
                }
            },
            "autoload": {
                "psr-4": {
                    "React\\Promise\\": "src/"
                },
                "files": [
                    "src/functions_include.php"
                ]
            },
            "notification-url": "http://packagist.org/downloads/",
            "license": [
                "MIT"
            ],
            "authors": [
                {
                    "name": "Jan Sorgalla",
                    "email": "jsorgalla@gmail.com"
                }
            ],
            "description": "A lightweight implementation of CommonJS Promises/A for PHP",
            "time": "2015-07-03 13:48:55"
        },
        {
            "name": "symfony/event-dispatcher",
            "version": "dev-master",
            "source": {
                "type": "git",
                "url": "https://github.com/symfony/event-dispatcher.git",
                "reference": "ae978c6a5289e42111b2fadd38fb0b53f772cd66"
            },
            "dist": {
                "type": "zip",
                "url": "https://api.github.com/repos/symfony/event-dispatcher/zipball/c021a1c4f1d0a7594542c3d1f231d71677ab4ea5",
                "reference": "ae978c6a5289e42111b2fadd38fb0b53f772cd66",
                "shasum": ""
            },
            "require": {
                "php": ">=5.5.9"
            },
            "require-dev": {
                "psr/log": "~1.0",
                "symfony/config": "~2.8|~3.0",
                "symfony/dependency-injection": "~2.8|~3.0",
                "symfony/expression-language": "~2.8|~3.0",
                "symfony/stopwatch": "~2.8|~3.0"
            },
            "suggest": {
                "symfony/dependency-injection": "",
                "symfony/http-kernel": ""
            },
            "type": "library",
            "extra": {
                "branch-alias": {
                    "dev-master": "3.1-dev"
                }
            },
            "autoload": {
                "psr-4": {
                    "Symfony\\Component\\EventDispatcher\\": ""
                },
                "exclude-from-classmap": [
                    "/Tests/"
                ]
            },
            "notification-url": "http://packagist.org/downloads/",
            "license": [
                "MIT"
            ],
            "authors": [
                {
                    "name": "Fabien Potencier",
                    "email": "fabien@symfony.com"
                },
                {
                    "name": "Symfony Community",
                    "homepage": "https://symfony.com/contributors"
                }
            ],
            "description": "Symfony EventDispatcher Component",
            "homepage": "https://symfony.com",
            "time": "2015-11-30 21:39:17"
        },
        {
            "name": "xboxleaders/xboxliveapi",
            "version": "dev-master",
            "source": {
                "type": "git",
                "url": "https://github.com/XboxLeaders/XboxLiveAPI.git",
                "reference": "b8d6b8c643200beb006e3b579d13ee4644558ab5"
            },
            "dist": {
                "type": "zip",
                "url": "https://api.github.com/repos/XboxLeaders/XboxLiveAPI/zipball/b8d6b8c643200beb006e3b579d13ee4644558ab5",
                "reference": "b8d6b8c643200beb006e3b579d13ee4644558ab5",
                "shasum": ""
            },
            "require": {
                "php": ">=5.4.0"
            },
            "type": "library",
            "notification-url": "http://packagist.org/downloads/",
            "license": [
                "MIT"
            ],
            "authors": [
                {
                    "name": "Jason Clemons",
                    "email": "jason@xboxleaders.com",
                    "homepage": "http://about.me/jasonclemons",
                    "role": "Creator/Developer"
                },
                {
                    "name": "Alan Wynn",
                    "email": "hello@alanwynn.me",
                    "homepage": "https://alanwynn.me",
                    "role": "Contributor/Developer"
                }
            ],
            "description": "Simple & Powerful RESTful API for Xbox LIVE",
            "homepage": "http://xboxleaders.github.io/",
            "keywords": [
                "api",
                "rest",
                "xbox",
                "xboxlive"
            ],
            "time": "2015-09-11 21:23:08"
        }
    ],
    "packages-dev": [],
    "aliases": [],
    "minimum-stability": "dev",
    "stability-flags": {
        "gumer/gumer-psn-php": 20,
        "xboxleaders/xboxliveapi": 20,
        "jocolopes/steamapi": 20
    },
    "prefer-stable": false,
    "prefer-lowest": false,
    "platform": [],
    "platform-dev": []
}
